
Microsoft Visual Studio Solution File, Format Version 12.00
# Visual Studio Version 17
VisualStudioVersion = 17.5.002.0
MinimumVisualStudioVersion = 10.0.40219.1
Project("{9A19103F-16F7-4668-BE54-9A1E7A4F7556}") = "Turbo.az", "Turbo.az.csproj", "{B4D629F6-66BB-41FE-845C-564594E64877}"
EndProject
Global
	GlobalSection(SolutionConfigurationPlatforms) = preSolution
		Debug|Any CPU = Debug|Any CPU
		Release|Any CPU = Release|Any CPU
	EndGlobalSection
	GlobalSection(ProjectConfigurationPlatforms) = postSolution
		{B4D629F6-66BB-41FE-845C-564594E64877}.Debug|Any CPU.ActiveCfg = Debug|Any CPU
		{B4D629F6-66BB-41FE-845C-564594E64877}.Debug|Any CPU.Build.0 = Debug|Any CPU
		{B4D629F6-66BB-41FE-845C-564594E64877}.Release|Any CPU.ActiveCfg = Release|Any CPU
		{B4D629F6-66BB-41FE-845C-564594E64877}.Release|Any CPU.Build.0 = Release|Any CPU
	EndGlobalSection
	GlobalSection(SolutionProperties) = preSolution
		HideSolutionNode = FALSE
	EndGlobalSection
	GlobalSection(ExtensibilityGlobals) = postSolution
		SolutionGuid = {87ADF35A-F5D8-4A69-8AA3-23D658FBBBBF}
	EndGlobalSection
EndGlobal
